
Microsoft Visual Studio Solution File, Format Version 11.00
# Visual Studio 10
Project("{FAE04EC0-301F-11D3-BF4B-00C04F79EFBC}") = "GUIControls", "GUIControls\GUIControls.csproj", "{F49C64E1-15FA-4239-90AF-1DC2A6DB18FE}"
EndProject
Global
	GlobalSection(SolutionConfigurationPlatforms) = preSolution
		Debug|Any CPU = Debug|Any CPU
		Release|Any CPU = Release|Any CPU
	EndGlobalSection
	GlobalSection(ProjectConfigurationPlatforms) = postSolution
		{F49C64E1-15FA-4239-90AF-1DC2A6DB18FE}.Debug|Any CPU.ActiveCfg = Debug|Any CPU
		{F49C64E1-15FA-4239-90AF-1DC2A6DB18FE}.Debug|Any CPU.Build.0 = Debug|Any CPU
		{F49C64E1-15FA-4239-90AF-1DC2A6DB18FE}.Release|Any CPU.ActiveCfg = Release|Any CPU
		{F49C64E1-15FA-4239-90AF-1DC2A6DB18FE}.Release|Any CPU.Build.0 = Release|Any CPU
	EndGlobalSection
	GlobalSection(SolutionProperties) = preSolution
		HideSolutionNode = FALSE
	EndGlobalSection
EndGlobal
