
Microsoft Visual Studio Solution File, Format Version 12.00
# Visual Studio 2012
Project("{FAE04EC0-301F-11D3-BF4B-00C04F79EFBC}") = "CalorieCounter", "CalorieCounter\CalorieCounter.csproj", "{DF446D9E-EAB5-471F-8C5C-7019D830BA44}"
EndProject
Global
	GlobalSection(SolutionConfigurationPlatforms) = preSolution
		Debug|Any CPU = Debug|Any CPU
		Release|Any CPU = Release|Any CPU
	EndGlobalSection
	GlobalSection(ProjectConfigurationPlatforms) = postSolution
		{DF446D9E-EAB5-471F-8C5C-7019D830BA44}.Debug|Any CPU.ActiveCfg = Debug|Any CPU
		{DF446D9E-EAB5-471F-8C5C-7019D830BA44}.Debug|Any CPU.Build.0 = Debug|Any CPU
		{DF446D9E-EAB5-471F-8C5C-7019D830BA44}.Release|Any CPU.ActiveCfg = Release|Any CPU
		{DF446D9E-EAB5-471F-8C5C-7019D830BA44}.Release|Any CPU.Build.0 = Release|Any CPU
	EndGlobalSection
	GlobalSection(SolutionProperties) = preSolution
		HideSolutionNode = FALSE
	EndGlobalSection
EndGlobal
