
Microsoft Visual Studio Solution File, Format Version 12.00
# Visual Studio 2012
Project("{FAE04EC0-301F-11D3-BF4B-00C04F79EFBC}") = "CarpetExampleWithClassMethods", "CarpetExampleWithClassMethods\CarpetExampleWithClassMethods.csproj", "{9A9464B1-D9AB-4957-97EC-E362BA700F0A}"
EndProject
Global
	GlobalSection(SolutionConfigurationPlatforms) = preSolution
		Debug|Any CPU = Debug|Any CPU
		Release|Any CPU = Release|Any CPU
	EndGlobalSection
	GlobalSection(ProjectConfigurationPlatforms) = postSolution
		{9A9464B1-D9AB-4957-97EC-E362BA700F0A}.Debug|Any CPU.ActiveCfg = Debug|Any CPU
		{9A9464B1-D9AB-4957-97EC-E362BA700F0A}.Debug|Any CPU.Build.0 = Debug|Any CPU
		{9A9464B1-D9AB-4957-97EC-E362BA700F0A}.Release|Any CPU.ActiveCfg = Release|Any CPU
		{9A9464B1-D9AB-4957-97EC-E362BA700F0A}.Release|Any CPU.Build.0 = Release|Any CPU
	EndGlobalSection
	GlobalSection(SolutionProperties) = preSolution
		HideSolutionNode = FALSE
	EndGlobalSection
EndGlobal
